# THIS IS AN AUTOGENERATED FILE. DO NOT EDIT THIS FILE DIRECTLY.
# yarn lockfile v1


dmdb@^1.0.34946:
  version "1.0.48286"
  resolved "https://registry.npmmirror.com/dmdb/-/dmdb-1.0.48286.tgz#ec2563affe3c99b6d6455b85ee57144827ff3cab"
  integrity sha512-ZFCAwAfTeLF3BJnm7m24JtnwTMaIuv9UrTu9sWw/SQSbnwiWw8W3ap471D5TsqpUE1gGpBHI+lDyOUYH1/4PCg==
  dependencies:
    iconv-lite "^0.5.1"

iconv-lite@^0.5.1:
  version "0.5.2"
  resolved "https://registry.npmmirror.com/iconv-lite/-/iconv-lite-0.5.2.tgz#af6d628dccfb463b7364d97f715e4b74b8c8c2b8"
  integrity sha512-kERHXvpSaB4aU3eANwidg79K8FlrN77m8G9V+0vOR3HYaRifrlwMEpT7ZBJqLSEIHnEgJTHcWK82wwLwwKwtag==
  dependencies:
    safer-buffer ">= 2.1.2 < 3"

"safer-buffer@>= 2.1.2 < 3":
  version "2.1.2"
  resolved "https://registry.npmmirror.com/safer-buffer/-/safer-buffer-2.1.2.tgz#44fa161b0187b9549dd84bb91802f9bd8385cd6a"
  integrity sha512-YZo3K82SD7Riyi0E1EQPojLz7kpepnSQI9IyPbHHg1XXXevb5dJI7tpyN2ADxGcQbHG7vcyRHk0cbwqcQriUtg==
